
Microsoft Visual Studio Solution File, Format Version 12.00
# Visual Studio Version 17
VisualStudioVersion = 17.4.33213.308
MinimumVisualStudioVersion = 10.0.40219.1
Project("{FAE04EC0-301F-11D3-BF4B-00C04F79EFBC}") = "modul5_1302210049", "modul5_1302210049\modul5_1302210049.csproj", "{EFEE4DEC-392B-4DCE-A2F3-99FFAB952C1D}"
EndProject
Global
	GlobalSection(SolutionConfigurationPlatforms) = preSolution
		Debug|Any CPU = Debug|Any CPU
		Release|Any CPU = Release|Any CPU
	EndGlobalSection
	GlobalSection(ProjectConfigurationPlatforms) = postSolution
		{EFEE4DEC-392B-4DCE-A2F3-99FFAB952C1D}.Debug|Any CPU.ActiveCfg = Debug|Any CPU
		{EFEE4DEC-392B-4DCE-A2F3-99FFAB952C1D}.Debug|Any CPU.Build.0 = Debug|Any CPU
		{EFEE4DEC-392B-4DCE-A2F3-99FFAB952C1D}.Release|Any CPU.ActiveCfg = Release|Any CPU
		{EFEE4DEC-392B-4DCE-A2F3-99FFAB952C1D}.Release|Any CPU.Build.0 = Release|Any CPU
	EndGlobalSection
	GlobalSection(SolutionProperties) = preSolution
		HideSolutionNode = FALSE
	EndGlobalSection
	GlobalSection(ExtensibilityGlobals) = postSolution
		SolutionGuid = {7EB01EAF-B42E-470A-AA29-F7731CFD4E47}
	EndGlobalSection
EndGlobal
